
Microsoft Visual Studio Solution File, Format Version 12.00
# Visual Studio Version 16
VisualStudioVersion = 16.0.29728.190
MinimumVisualStudioVersion = 10.0.40219.1
Project("{9A19103F-16F7-4668-BE54-9A1E7A4F7556}") = "Marten.Migrator", "Marten.Migrator.csproj", "{60719E76-9930-4812-94F4-AD1F4BA4936A}"
EndProject
Global
	GlobalSection(SolutionConfigurationPlatforms) = preSolution
		Debug|Any CPU = Debug|Any CPU
		Release|Any CPU = Release|Any CPU
	EndGlobalSection
	GlobalSection(ProjectConfigurationPlatforms) = postSolution
		{60719E76-9930-4812-94F4-AD1F4BA4936A}.Debug|Any CPU.ActiveCfg = Debug|Any CPU
		{60719E76-9930-4812-94F4-AD1F4BA4936A}.Debug|Any CPU.Build.0 = Debug|Any CPU
		{60719E76-9930-4812-94F4-AD1F4BA4936A}.Release|Any CPU.ActiveCfg = Release|Any CPU
		{60719E76-9930-4812-94F4-AD1F4BA4936A}.Release|Any CPU.Build.0 = Release|Any CPU
	EndGlobalSection
	GlobalSection(SolutionProperties) = preSolution
		HideSolutionNode = FALSE
	EndGlobalSection
	GlobalSection(ExtensibilityGlobals) = postSolution
		SolutionGuid = {A63D93DF-C5F3-42AA-9DD1-2D64067E9C65}
	EndGlobalSection
EndGlobal
